
Microsoft Visual Studio Solution File, Format Version 12.00
# Visual Studio Version 17
VisualStudioVersion = 17.4.33213.308
MinimumVisualStudioVersion = 10.0.40219.1
Project("{FAE04EC0-301F-11D3-BF4B-00C04F79EFBC}") = "App3", "App3.csproj", "{C45841D0-AA13-4860-8F84-48EBF267DDDE}"
EndProject
Global
	GlobalSection(SolutionConfigurationPlatforms) = preSolution
		Debug|Any CPU = Debug|Any CPU
		Release|Any CPU = Release|Any CPU
	EndGlobalSection
	GlobalSection(ProjectConfigurationPlatforms) = postSolution
		{C45841D0-AA13-4860-8F84-48EBF267DDDE}.Debug|Any CPU.ActiveCfg = Debug|Any CPU
		{C45841D0-AA13-4860-8F84-48EBF267DDDE}.Debug|Any CPU.Build.0 = Debug|Any CPU
		{C45841D0-AA13-4860-8F84-48EBF267DDDE}.Debug|Any CPU.Deploy.0 = Debug|Any CPU
		{C45841D0-AA13-4860-8F84-48EBF267DDDE}.Release|Any CPU.ActiveCfg = Release|Any CPU
		{C45841D0-AA13-4860-8F84-48EBF267DDDE}.Release|Any CPU.Build.0 = Release|Any CPU
		{C45841D0-AA13-4860-8F84-48EBF267DDDE}.Release|Any CPU.Deploy.0 = Release|Any CPU
	EndGlobalSection
	GlobalSection(SolutionProperties) = preSolution
		HideSolutionNode = FALSE
	EndGlobalSection
	GlobalSection(ExtensibilityGlobals) = postSolution
		SolutionGuid = {1101AC6F-9574-40AC-9884-24811853B1AB}
	EndGlobalSection
EndGlobal
